
Microsoft Visual Studio Solution File, Format Version 12.00
# Visual Studio Version 17
VisualStudioVersion = 17.11.35327.3
MinimumVisualStudioVersion = 10.0.40219.1
Project("{FAE04EC0-301F-11D3-BF4B-00C04F79EFBC}") = "VueApp3.Server", "VueApp3.Server\VueApp3.Server.csproj", "{094DFFF6-6BB9-4406-9790-85149550E853}"
EndProject
Project("{54A90642-561A-4BB1-A94E-469ADEE60C69}") = "vueapp3.client", "vueapp3.client\vueapp3.client.esproj", "{8BB66D77-DBD1-4E8E-91D7-4A1BAE590E02}"
EndProject
Global
	GlobalSection(SolutionConfigurationPlatforms) = preSolution
		Debug|Any CPU = Debug|Any CPU
		Release|Any CPU = Release|Any CPU
	EndGlobalSection
	GlobalSection(ProjectConfigurationPlatforms) = postSolution
		{094DFFF6-6BB9-4406-9790-85149550E853}.Debug|Any CPU.ActiveCfg = Debug|Any CPU
		{094DFFF6-6BB9-4406-9790-85149550E853}.Debug|Any CPU.Build.0 = Debug|Any CPU
		{094DFFF6-6BB9-4406-9790-85149550E853}.Release|Any CPU.ActiveCfg = Release|Any CPU
		{094DFFF6-6BB9-4406-9790-85149550E853}.Release|Any CPU.Build.0 = Release|Any CPU
		{8BB66D77-DBD1-4E8E-91D7-4A1BAE590E02}.Debug|Any CPU.ActiveCfg = Debug|Any CPU
		{8BB66D77-DBD1-4E8E-91D7-4A1BAE590E02}.Debug|Any CPU.Build.0 = Debug|Any CPU
		{8BB66D77-DBD1-4E8E-91D7-4A1BAE590E02}.Debug|Any CPU.Deploy.0 = Debug|Any CPU
		{8BB66D77-DBD1-4E8E-91D7-4A1BAE590E02}.Release|Any CPU.ActiveCfg = Release|Any CPU
		{8BB66D77-DBD1-4E8E-91D7-4A1BAE590E02}.Release|Any CPU.Build.0 = Release|Any CPU
		{8BB66D77-DBD1-4E8E-91D7-4A1BAE590E02}.Release|Any CPU.Deploy.0 = Release|Any CPU
	EndGlobalSection
	GlobalSection(SolutionProperties) = preSolution
		HideSolutionNode = FALSE
	EndGlobalSection
	GlobalSection(ExtensibilityGlobals) = postSolution
		SolutionGuid = {2A2AE388-E111-45AD-89CF-2350C959F4C7}
	EndGlobalSection
EndGlobal
